
Microsoft Visual Studio Solution File, Format Version 12.00
# Visual Studio Version 17
VisualStudioVersion = 17.8.34330.188
MinimumVisualStudioVersion = 10.0.40219.1
Project("{9A19103F-16F7-4668-BE54-9A1E7A4F7556}") = "TOHEF", "TOHEF.csproj", "{6F24902F-8625-49D6-B288-112C0F448730}"
EndProject
Global
	GlobalSection(SolutionConfigurationPlatforms) = preSolution
		Canary|Any CPU = Canary|Any CPU
		Debug|Any CPU = Debug|Any CPU
		Release|Any CPU = Release|Any CPU
	EndGlobalSection
	GlobalSection(ProjectConfigurationPlatforms) = postSolution
		{6F24902F-8625-49D6-B288-112C0F448730}.Canary|Any CPU.ActiveCfg = Canary|Any CPU
		{6F24902F-8625-49D6-B288-112C0F448730}.Canary|Any CPU.Build.0 = Canary|Any CPU
		{6F24902F-8625-49D6-B288-112C0F448730}.Debug|Any CPU.ActiveCfg = Debug|Any CPU
		{6F24902F-8625-49D6-B288-112C0F448730}.Debug|Any CPU.Build.0 = Debug|Any CPU
		{6F24902F-8625-49D6-B288-112C0F448730}.Release|Any CPU.ActiveCfg = Release|Any CPU
		{6F24902F-8625-49D6-B288-112C0F448730}.Release|Any CPU.Build.0 = Release|Any CPU
	EndGlobalSection
	GlobalSection(SolutionProperties) = preSolution
		HideSolutionNode = FALSE
	EndGlobalSection
	GlobalSection(ExtensibilityGlobals) = postSolution
		SolutionGuid = {36C82E63-8667-4C54-9D6B-84C82A459F35}
	EndGlobalSection
EndGlobal
